<?xml version="1.0" encoding="utf-8"?>
<Project ToolsVersion="4.0" xmlns="http://schemas.microsoft.com/developer/msbuild/2003">
  <ItemGroup>
    <Filter Include="Source Files">
      <UniqueIdentifier>{4FC737F1-C7A5-4376-A066-2A32D752A2FF}</UniqueIdentifier>
      <Extensions>cpp;c;cc;cxx;def;odl;idl;hpj;bat;asm;asmx</Extensions>
    </Filter>
    <Filter Include="Header Files">
      <UniqueIdentifier>{93995380-89BD-4b04-88EB-625FBE52EBFB}</UniqueIdentifier>
      <Extensions>h;hh;hpp;hxx;hm;inl;inc;xsd</Extensions>
    </Filter>
    <Filter Include="Resource Files">
      <UniqueIdentifier>{67DA6AB6-F800-4c08-8B7A-83BB121AAD01}</UniqueIdentifier>
      <Extensions>rc;ico;cur;bmp;dlg;rc2;rct;bin;rgs;gif;jpg;jpeg;jpe;resx;tiff;tif;png;wav;mfcribbon-ms</Extensions>
    </Filter>
    <Filter Include="Header Files\Globals">
      <UniqueIdentifier>{8bac082f-0e78-432b-a638-f4fafd7be0a5}</UniqueIdentifier>
    </Filter>
    <Filter Include="Source Files\Globals">
      <UniqueIdentifier>{f59d7b1c-ba41-4c75-b17b-2f3459de2513}</UniqueIdentifier>
    </Filter>
    <Filter Include="Header Files\Templates">
      <UniqueIdentifier>{e2e14cae-e964-4330-a0d2-2b56bd83e2a1}</UniqueIdentifier>
    </Filter>
    <Filter Include="Header Files\Generic">
      <UniqueIdentifier>{2aa12872-f063-4fd5-9e13-cadf734a2055}</UniqueIdentifier>
    </Filter>
    <Filter Include="Header Files\Windows">
      <UniqueIdentifier>{8b867384-2f74-4156-85f7-57b8fb7257f2}</UniqueIdentifier>
    </Filter>
    <Filter Include="Source Files\Generic">
      <UniqueIdentifier>{73da2450-bfc8-4ea9-a4da-8e226529303f}</UniqueIdentifier>
    </Filter>
    <Filter Include="Source Files\Windows">
      <UniqueIdentifier>{5e0da27f-7100-4c67-b30e-dc44fd4d7a1f}</UniqueIdentifier>
    </Filter>
  </ItemGroup>
  <ItemGroup>
    <ClCompile Include="Source\GErrorHandler.cpp">
      <Filter>Source Files\Globals</Filter>
    </ClCompile>
    <ClCompile Include="Source\GMiniDawnEngine.cpp">
      <Filter>Source Files\Globals</Filter>
    </ClCompile>
    <ClCompile Include="Source\DawnMain.cpp">
      <Filter>Source Files</Filter>
    </ClCompile>
    <ClCompile Include="Source\GMiniDawnEngineLoop.cpp">
      <Filter>Source Files\Globals</Filter>
    </ClCompile>
    <ClCompile Include="Source\GenericWindow.cpp">
      <Filter>Source Files\Generic</Filter>
    </ClCompile>
    <ClCompile Include="Source\WindowsApplication.cpp">
      <Filter>Source Files\Windows</Filter>
    </ClCompile>
    <ClCompile Include="Source\WindowsWindow.cpp">
      <Filter>Source Files\Windows</Filter>
    </ClCompile>
    <ClCompile Include="Source\WinMain.cpp">
      <Filter>Source Files\Windows</Filter>
    </ClCompile>
    <ClCompile Include="Source\GenericMemory.cpp">
      <Filter>Source Files\Generic</Filter>
    </ClCompile>
  </ItemGroup>
  <ItemGroup>
    <ClInclude Include="Include\MiniDawn.hpp">
      <Filter>Header Files</Filter>
    </ClInclude>
    <ClInclude Include="Include\GErrorHandler.hpp">
      <Filter>Header Files\Globals</Filter>
    </ClInclude>
    <ClInclude Include="Include\GMiniDawnEngine.hpp">
      <Filter>Header Files\Globals</Filter>
    </ClInclude>
    <ClInclude Include="Include\GMiniDawnEngineLoop.hpp">
      <Filter>Header Files\Globals</Filter>
    </ClInclude>
    <ClInclude Include="Include\SharedRef.hpp">
      <Filter>Header Files\Templates</Filter>
    </ClInclude>
    <ClInclude Include="Include\SharedRefInternals.hpp">
      <Filter>Header Files\Templates</Filter>
    </ClInclude>
    <ClInclude Include="Include\GenericApplication.hpp">
      <Filter>Header Files\Generic</Filter>
    </ClInclude>
    <ClInclude Include="Include\GenericMessageHandler.hpp">
      <Filter>Header Files\Generic</Filter>
    </ClInclude>
    <ClInclude Include="Include\WindowsApplication.hpp">
      <Filter>Header Files\Windows</Filter>
    </ClInclude>
    <ClInclude Include="Include\WindowsWindow.hpp">
      <Filter>Header Files\Windows</Filter>
    </ClInclude>
    <ClInclude Include="Include\GenericWindowDefinition.hpp">
      <Filter>Header Files\Generic</Filter>
    </ClInclude>
    <ClInclude Include="Include\GenericMemory.hpp">
      <Filter>Header Files\Generic</Filter>
    </ClInclude>
    <ClInclude Include="Include\GenericWindow.hpp">
      <Filter>Header Files\Generic</Filter>
    </ClInclude>
  </ItemGroup>
</Project>