<?xml version="1.0" encoding="utf-8"?>
<Project ToolsVersion="4.0" xmlns="http://schemas.microsoft.com/developer/msbuild/2003">
  <ItemGroup>
    <Filter Include="Source Files">
      <UniqueIdentifier>{4FC737F1-C7A5-4376-A066-2A32D752A2FF}</UniqueIdentifier>
      <Extensions>cpp;c;cc;cxx;def;odl;idl;hpj;bat;asm;asmx</Extensions>
    </Filter>
    <Filter Include="Header Files">
      <UniqueIdentifier>{93995380-89BD-4b04-88EB-625FBE52EBFB}</UniqueIdentifier>
      <Extensions>h;hh;hpp;hxx;hm;inl;inc;xsd</Extensions>
    </Filter>
    <Filter Include="Resource Files">
      <UniqueIdentifier>{67DA6AB6-F800-4c08-8B7A-83BB121AAD01}</UniqueIdentifier>
      <Extensions>rc;ico;cur;bmp;dlg;rc2;rct;bin;rgs;gif;jpg;jpeg;jpe;resx;tiff;tif;png;wav;mfcribbon-ms</Extensions>
    </Filter>
    <Filter Include="Header Files\Globals">
      <UniqueIdentifier>{8bac082f-0e78-432b-a638-f4fafd7be0a5}</UniqueIdentifier>
    </Filter>
    <Filter Include="Source Files\Globals">
      <UniqueIdentifier>{f59d7b1c-ba41-4c75-b17b-2f3459de2513}</UniqueIdentifier>
    </Filter>
    <Filter Include="Header Files\Templates">
      <UniqueIdentifier>{e2e14cae-e964-4330-a0d2-2b56bd83e2a1}</UniqueIdentifier>
    </Filter>
    <Filter Include="Header Files\Generic">
      <UniqueIdentifier>{2aa12872-f063-4fd5-9e13-cadf734a2055}</UniqueIdentifier>
    </Filter>
    <Filter Include="Header Files\Windows">
      <UniqueIdentifier>{8b867384-2f74-4156-85f7-57b8fb7257f2}</UniqueIdentifier>
    </Filter>
    <Filter Include="Source Files\Generic">
      <UniqueIdentifier>{73da2450-bfc8-4ea9-a4da-8e226529303f}</UniqueIdentifier>
    </Filter>
    <Filter Include="Source Files\Windows">
      <UniqueIdentifier>{5e0da27f-7100-4c67-b30e-dc44fd4d7a1f}</UniqueIdentifier>
    </Filter>
    <Filter Include="Header Files\Maths">
      <UniqueIdentifier>{dea07efe-690b-45bc-b93c-bb84dfdcb9ff}</UniqueIdentifier>
    </Filter>
    <Filter Include="Header Files\Graphics">
      <UniqueIdentifier>{02be21d2-9aea-4bbc-9947-012f13c46870}</UniqueIdentifier>
    </Filter>
    <Filter Include="Source Files\Graphics">
      <UniqueIdentifier>{a49e3942-9566-4b05-9167-7e2d8dec8351}</UniqueIdentifier>
    </Filter>
    <Filter Include="Source Files\ModelLoader">
      <UniqueIdentifier>{4f0ec0b4-d925-4600-a61e-215a0defdab2}</UniqueIdentifier>
    </Filter>
    <Filter Include="Header Files\SOIL">
      <UniqueIdentifier>{a13d1dff-1bcb-4495-855e-641a7e3075ed}</UniqueIdentifier>
    </Filter>
    <Filter Include="Header Files\Systems">
      <UniqueIdentifier>{295e34ec-f2ec-4220-9285-a2560125ccf6}</UniqueIdentifier>
    </Filter>
    <Filter Include="Source Files\Systems">
      <UniqueIdentifier>{11f6b9ef-4bd5-4b24-9d65-ecf3a554b965}</UniqueIdentifier>
    </Filter>
    <Filter Include="Source Files\Scenes">
      <UniqueIdentifier>{1123ef72-5d81-4ffb-861a-8dfb86fe7c87}</UniqueIdentifier>
    </Filter>
    <Filter Include="Header Files\Scenes">
      <UniqueIdentifier>{61277f15-d94c-4df9-9254-6b22f2f60cb4}</UniqueIdentifier>
    </Filter>
    <Filter Include="Header Files\Graphics">
      <UniqueIdentifier>{a259f17b-5b55-40c3-be80-7a79d29ef96e}</UniqueIdentifier>
    </Filter>
    <Filter Include="Source Files\Graphics">
      <UniqueIdentifier>{f91d7415-9e45-400a-a343-72d7444577ba}</UniqueIdentifier>
    </Filter>
    <Filter Include="Header Files\Templates\PrimitiveObjects">
      <UniqueIdentifier>{cd9ec6fd-3204-48fc-9b3d-3b58136d25a3}</UniqueIdentifier>
    </Filter>
    <Filter Include="Header Files\ThirdParty">
      <UniqueIdentifier>{de86d738-2dda-4cd9-bc76-a787d0c5a566}</UniqueIdentifier>
    </Filter>
    <Filter Include="Source Files\ThirdParty">
      <UniqueIdentifier>{2f3ab3ee-8d2e-480f-b2dd-18768c78d25c}</UniqueIdentifier>
    </Filter>
    <Filter Include="Header Files\Graphics\ModelLoader">
      <UniqueIdentifier>{9a7abfa7-1fdb-4cc1-8fbd-6a5d77bb807c}</UniqueIdentifier>
    </Filter>
  </ItemGroup>
  <ItemGroup>
    <ClCompile Include="Source\GErrorHandler.cpp">
      <Filter>Source Files\Globals</Filter>
    </ClCompile>
    <ClCompile Include="Source\GMiniDawnEngine.cpp">
      <Filter>Source Files\Globals</Filter>
    </ClCompile>
    <ClCompile Include="Source\DawnMain.cpp">
      <Filter>Source Files</Filter>
    </ClCompile>
    <ClCompile Include="Source\GMiniDawnEngineLoop.cpp">
      <Filter>Source Files\Globals</Filter>
    </ClCompile>
    <ClCompile Include="Source\GenericWindow.cpp">
      <Filter>Source Files\Generic</Filter>
    </ClCompile>
    <ClCompile Include="Source\WindowsApplication.cpp">
      <Filter>Source Files\Windows</Filter>
    </ClCompile>
    <ClCompile Include="Source\WindowsWindow.cpp">
      <Filter>Source Files\Windows</Filter>
    </ClCompile>
    <ClCompile Include="Source\WinMain.cpp">
      <Filter>Source Files\Windows</Filter>
    </ClCompile>
    <ClCompile Include="Source\GenericMemory.cpp">
      <Filter>Source Files\Generic</Filter>
    </ClCompile>
    <ClCompile Include="Source\timer.cpp">
      <Filter>Source Files\Windows</Filter>
    </ClCompile>
    <ClCompile Include="Source\Camera.cpp">
      <Filter>Source Files\Graphics</Filter>
    </ClCompile>
    <ClCompile Include="Source\Model.cpp">
      <Filter>Source Files\ModelLoader</Filter>
    </ClCompile>
    <ClCompile Include="Source\TokenStream.cpp">
      <Filter>Source Files\ModelLoader</Filter>
    </ClCompile>
    <ClCompile Include="Source\InputSystem.cpp">
      <Filter>Source Files\Systems</Filter>
    </ClCompile>
    <ClCompile Include="Source\LegacyOpenGLRenderer.cpp">
      <Filter>Source Files\Systems</Filter>
    </ClCompile>
    <ClCompile Include="Source\TestScene.cpp">
      <Filter>Source Files\Scenes</Filter>
    </ClCompile>
    <ClCompile Include="Source\OpenGLWindows.cpp">
      <Filter>Source Files\Graphics</Filter>
    </ClCompile>
    <ClCompile Include="Source\Scene.cpp">
      <Filter>Source Files\Scenes</Filter>
    </ClCompile>
  </ItemGroup>
  <ItemGroup>
    <ClInclude Include="Include\MiniDawn.hpp">
      <Filter>Header Files</Filter>
    </ClInclude>
    <ClInclude Include="Include\GErrorHandler.hpp">
      <Filter>Header Files\Globals</Filter>
    </ClInclude>
    <ClInclude Include="Include\GMiniDawnEngine.hpp">
      <Filter>Header Files\Globals</Filter>
    </ClInclude>
    <ClInclude Include="Include\GMiniDawnEngineLoop.hpp">
      <Filter>Header Files\Globals</Filter>
    </ClInclude>
    <ClInclude Include="Include\SharedRef.hpp">
      <Filter>Header Files\Templates</Filter>
    </ClInclude>
    <ClInclude Include="Include\SharedRefInternals.hpp">
      <Filter>Header Files\Templates</Filter>
    </ClInclude>
    <ClInclude Include="Include\GenericApplication.hpp">
      <Filter>Header Files\Generic</Filter>
    </ClInclude>
    <ClInclude Include="Include\GenericMessageHandler.hpp">
      <Filter>Header Files\Generic</Filter>
    </ClInclude>
    <ClInclude Include="Include\WindowsApplication.hpp">
      <Filter>Header Files\Windows</Filter>
    </ClInclude>
    <ClInclude Include="Include\WindowsWindow.hpp">
      <Filter>Header Files\Windows</Filter>
    </ClInclude>
    <ClInclude Include="Include\GenericWindowDefinition.hpp">
      <Filter>Header Files\Generic</Filter>
    </ClInclude>
    <ClInclude Include="Include\GenericMemory.hpp">
      <Filter>Header Files\Generic</Filter>
    </ClInclude>
    <ClInclude Include="Include\GenericWindow.hpp">
      <Filter>Header Files\Generic</Filter>
    </ClInclude>
    <ClInclude Include="Include\timer.h">
      <Filter>Header Files\Windows</Filter>
    </ClInclude>
    <ClInclude Include="Include\maths.vector.hpp">
      <Filter>Header Files\Maths</Filter>
    </ClInclude>
    <ClInclude Include="Include\Camera.hpp">
      <Filter>Header Files\Graphics</Filter>
    </ClInclude>
    <ClInclude Include="Include\TokenStream.h">
      <Filter>Header Files\Graphics\ModelLoader</Filter>
    </ClInclude>
    <ClInclude Include="Include\Model.h">
      <Filter>Header Files\Graphics\ModelLoader</Filter>
    </ClInclude>
    <ClInclude Include="Include\SOIL.h">
      <Filter>Header Files\SOIL</Filter>
    </ClInclude>
    <ClInclude Include="Include\InputSystem.hpp">
      <Filter>Header Files\Systems</Filter>
    </ClInclude>
    <ClInclude Include="Include\Texture.hpp">
      <Filter>Header Files\Graphics</Filter>
    </ClInclude>
    <ClInclude Include="Include\LegacyOpenGLRenderer.hpp">
      <Filter>Header Files\Graphics</Filter>
    </ClInclude>
    <ClInclude Include="Include\Renderer.hpp">
      <Filter>Header Files\Graphics</Filter>
    </ClInclude>
    <ClInclude Include="Include\Rotation.hpp">
      <Filter>Header Files\Graphics</Filter>
    </ClInclude>
    <ClInclude Include="Include\TestScene.hpp">
      <Filter>Header Files\Scenes</Filter>
    </ClInclude>
    <ClInclude Include="Include\OpenGLWindows.hpp">
      <Filter>Header Files\Graphics</Filter>
    </ClInclude>
    <ClInclude Include="Include\Scene.hpp">
      <Filter>Header Files\Scenes</Filter>
    </ClInclude>
    <ClInclude Include="include\PrimitiveObjects.hpp">
      <Filter>Header Files\Templates\PrimitiveObjects</Filter>
    </ClInclude>
    <ClInclude Include="Include\dbout.hpp">
      <Filter>Header Files\ThirdParty</Filter>
    </ClInclude>
    <ClInclude Include="Include\PrimitiveCube.hpp">
      <Filter>Header Files\Templates\PrimitiveObjects</Filter>
    </ClInclude>
    <ClInclude Include="Include\Object.hpp">
      <Filter>Header Files\Graphics</Filter>
    </ClInclude>
    <ClInclude Include="Include\DrawableObject.hpp">
      <Filter>Header Files\Graphics</Filter>
    </ClInclude>
    <ClInclude Include="Include\VertexObject.hpp">
      <Filter>Header Files\Templates\PrimitiveObjects</Filter>
    </ClInclude>
  </ItemGroup>
</Project>